github.com/isucon/isucandar v0.0.0-20220322062028-6dd56dc57d72 h1:mCWYjY0ZaMGAFqwCC/hsEZZl+R8mymuVIRhmVO8r/EE=
github.com/isucon/isucandar v0.0.0-20220322062028-6dd56dc57d72/go.mod h1:1j6H6zxOUW/sSAOGay1iE0CW6mM58U/OTIKvKXwbRaQ=
golang.org/x/xerrors v0.0.0-20200804184101-5ec99f83aff1 h1:go1bK/D/BFZV2I8cIQd1NKEZ+0owSTG1fDTci4IqFcE=
golang.org/x/xerrors v0.0.0-20200804184101-5ec99f83aff1/go.mod h1:I/5z698sn9Ka8TeJc9MKroUUfqBBauWjQqLJ2OPfmY0=
